hash: 9e31989c69ac61a809e2087eb32c07e9afa641eb005621221cb794ee40660ad1
updated: 2017-05-18T19:41:54.1834271+02:00
imports:
- name: github.com/andybalholm/cascadia
  version: 349dd0209470eabd9514242c688c403c0926d266
- name: github.com/cavaliercoder/grab
  version: d1925b94149d7e79adaba26ea2553172c38f8ad7
- name: github.com/cevaris/ordered_map
  version: 531fd444821a2eda0e8d1ed033ae207641e03b54
- name: github.com/fatih/color
  version: 9131ab34cf20d2f6d83fdc67168a5430d1c7dc23
- name: github.com/go-ole/go-ole
  version: de8695c8edbf8236f30d6e1376e20b198a028d42
  subpackages:
  - oleutil
- name: github.com/hako/durafmt
  version: 83a6d8dc879e5db09185e352561da4326f443de6
- name: github.com/mattn/go-colorable
  version: 5411d3eea5978e6cdc258b30de592b60df6aba96
  repo: https://github.com/mattn/go-colorable
- name: github.com/mattn/go-isatty
  version: 57fdcb988a5c543893cc61bce354a6e24ab70022
  repo: https://github.com/mattn/go-isatty
- name: github.com/mcuadros/go-version
  version: 257f7b9a7d87427c8d7f89469a5958d57f8abd7c
- name: github.com/miekg/dns
  version: f282f80e243cc2bf8f6410c30d821b93b794e168
- name: github.com/PuerkitoBio/goquery
  version: e1271ee34c6a305e38566ecd27ae374944907ee9
- name: golang.org/x/net
  version: c9b681d35165f1995d6f3034e61f8761d4b90c99
  subpackages:
  - html
  - html/atom
- name: golang.org/x/sys
  version: e24f485414aeafb646f6fca458b0bf869c0880a1
  subpackages:
  - unix
  - windows
  - windows/registry
testImports: []
