github.com/0xrawsec/golang-evtx v1.2.3 h1:SlL3alC4o4DN9+Ke53kvQAgASlJyj6MjyyzJeOkN/do=
github.com/0xrawsec/golang-evtx v1.2.3/go.mod h1:RD+lv9ndoM/7XwvS5XViI51yAp5PDtVVJf8FM6Muro0=
github.com/0xrawsec/golang-utils v1.1.0 h1:opQAwRONEfxOOl4nxhpPkXiTYgzAw0/wFATAffNjdII=
github.com/0xrawsec/golang-utils v1.1.0/go.mod h1:DADTtCFY10qXjWmUVhhJqQIZdSweaHH4soYUDEi8mj0=
github.com/PuerkitoBio/goquery v1.1.0 h1:QUDKATbrxlrC/VtTGXPgSF28dtBbniZz0X2sp/Twom4=
github.com/PuerkitoBio/goquery v1.1.0/go.mod h1:T9ezsOHcCrDCgA8aF1Cqr3sSYbO/xgdy8/R/XiIMAhA=
github.com/akavel/rsrc v0.8.0 h1:zjWn7ukO9Kc5Q62DOJCcxGpXC18RawVtYAGdz2aLlfw=
github.com/akavel/rsrc v0.8.0/go.mod h1:uLoCtb9J+EyAqh+26kdrTgmzRBFPGOolLWKpdxkKq+c=
github.com/akyoto/color v1.8.9 h1:Uv8/rFdvq06ntG+GibKjbT+jWtc6o88SjKMUmi1Nom8=
github.com/akyoto/color v1.8.9/go.mod h1:ImvfyQaQbqtKLwiafRiRu6Fq98f4f9HBI/J0WK7q3Oc=
github.com/akyoto/colorable v0.1.4 h1:BPwbsaUmo90/JiwTB7v7TpRHkNsfIxsb9s25eASwwDg=
github.com/akyoto/colorable v0.1.4/go.mod h1:AUfZwbC9OzwBaIbVTyNpD2UmwPbh3ZQqpyrHzb2ZymY=
github.com/akyoto/tty v0.1.0/go.mod h1:UMkevvI7yitoMBNoA9ALtJU0AL/6XGNkyuh9DqPvIOs=
github.com/akyoto/tty v0.1.1 h1:ZOJpp9fj0Y0CNVl9j7MJ7sJvlf9yVlFyDTiahD8FbUo=
github.com/akyoto/tty v0.1.1/go.mod h1:DLx0iz7IeaEsdXQkZ5IN/YOoWRvuV+JOSy6AQjyxA50=
github.com/andybalholm/cascadia v1.0.0 h1:hOCXnnZ5A+3eVDX8pvgl4kofXv2ELss0bKcqRySc45o=
github.com/andybalholm/cascadia v1.0.0/go.mod h1:GsXiBklL0woXo1j/WYWtSYYC4ouU9PqHO0sqidkEA4Y=
github.com/cavaliercoder/grab v1.0.0 h1:H6VQ1NiLO7AvXM6ZyaInnoZrRLeo2FoUTQEcXln4bvQ=
github.com/cavaliercoder/grab v1.0.0/go.mod h1:tTBkfNqSBfuMmMBFaO2phgyhdYhiZQ/+iXCZDzcDsMI=
github.com/cevaris/ordered_map v0.0.0-20170213161328-531fd444821a h1:ngz3ij7Corauf48bclme4b76+HQBJUuZh1bUiTcHDy4=
github.com/cevaris/ordered_map v0.0.0-20170213161328-531fd444821a/go.mod h1:507vXsotcZop7NZfBWdhPmVeOse4ko2R7AagJYrpoEg=
github.com/djherbis/times v1.2.0 h1:xANXjsC/iBqbO00vkWlYwPWgBgEVU6m6AFYg0Pic+Mc=
github.com/djherbis/times v1.2.0/go.mod h1:CGMZlo255K5r4Yw0b9RRfFQpM2y7uOmxg4jm9HsaVf8=
github.com/go-ole/go-ole v0.0.0-20170209151332-de8695c8edbf h1:ofRt4uynuRg/S2LGi1IM6mBu7HqzNrxYfoPLcFzteb0=
github.com/go-ole/go-ole v0.0.0-20170209151332-de8695c8edbf/go.mod h1:7FAglXiTm7HKlQRDeOQ6ZNUHidzCWXuZWq/1dTyBNF8=
github.com/golang/snappy v0.0.1/go.mod h1:/XxbfmMg8lxefKM7IXC3fBNl/7bRcc72aCRzEWrmP2Q=
github.com/hako/durafmt v0.0.0-20180520121703-7b7ae1e72ead h1:Y9WOGZY2nw5ksbEf5AIpk+vK52Tdg/VN/rHFRfEeeGQ=
github.com/hako/durafmt v0.0.0-20180520121703-7b7ae1e72ead/go.mod h1:5Scbynm8dF1XAPwIwkGPqzkM/shndPm79Jd1003hTjE=
github.com/josephspurrier/goversioninfo v0.0.0-20190209210621-63e6d1acd3dd h1:KikNiFwUO3QLyeKyN4k9yBH9Pcu/gU/yficWi61cJIw=
github.com/josephspurrier/goversioninfo v0.0.0-20190209210621-63e6d1acd3dd/go.mod h1:eJTEwMjXb7kZ633hO3Ln9mBUCOjX2+FlTljvpl9SYdE=
github.com/kevinburke/go-bindata v3.15.0+incompatible h1:lQUrdQ9X1McRmbzn64vmAV48zyiFkCIZxlH7OEO67ww=
github.com/kevinburke/go-bindata v3.15.0+incompatible/go.mod h1:/pEEZ72flUW2p0yi30bslSp9YqD9pysLxunQDdb2CPM=
github.com/kr/fs v0.1.0/go.mod h1:FFnZGqtBN9Gxj7eW1uZ42v5BccTP0vu6NEaFoC2HwRg=
github.com/magefile/mage v1.9.0 h1:t3AU2wNwehMCW97vuqQLtw6puppWXHO+O2MHo5a50XE=
github.com/magefile/mage v1.9.0/go.mod h1:z5UZb/iS3GoOSn0JgWuiw7dxlurVYTu+/jHXqQg881A=
github.com/mcuadros/go-version v0.0.0-20190308113854-92cdf37c5b75 h1:Pijfgr7ZuvX7QIQiEwLdRVr3RoMG+i0SbBO1Qu+7yVk=
github.com/mcuadros/go-version v0.0.0-20190308113854-92cdf37c5b75/go.mod h1:76rfSfYPWj01Z85hUf/ituArm797mNKcvINh1OlsZKo=
github.com/miekg/dns v1.1.22 h1:Jm64b3bO9kP43ddLjL2EY3Io6bmy1qGb9Xxz6TqS6rc=
github.com/miekg/dns v1.1.22/go.mod h1:bPDLeHnStXmXAq1m/Ch/hvfNHr14JKNPMBo3VZKjuso=
github.com/pkg/errors v0.8.1 h1:iURUrRGxPUNPdy5/HRSm+Yj6okJ6UtLINN0Q9M4+h3I=
github.com/pkg/errors v0.8.1/go.mod h1:bwawxfHBFNV+L2hUp1rHADufV3IMtnDRdf1r5NINEl0=
github.com/pkg/sftp v1.10.0/go.mod h1:NxmoDg/QLVWluQDUYG7XBZTLUpKeFa8e3aMf1BfjyHk=
github.com/segmentio/kafka-go v0.2.2/go.mod h1:X6itGqS9L4jDletMsxZ7Dz+JFWxM6JHfPOCvTvk+EJo=
golang.org/x/crypto v0.0.0-20190308221718-c2843e01d9a2/go.mod h1:djNgcEr1/C05ACkg1iLfiJU5Ep61QUkGW8qpdssI0+w=
golang.org/x/crypto v0.0.0-20190923035154-9ee001bba392 h1:ACG4HJsFiNMf47Y4PeRoebLNy/2lXT9EtprMuTFWt1M=
golang.org/x/crypto v0.0.0-20190923035154-9ee001bba392/go.mod h1:/lpIB1dKB+9EgE3H3cr1v9wB50oz8l4C4h62xy7jSTY=
golang.org/x/net v0.0.0-20180218175443-cbe0f9307d01/go.mod h1:mL1N/T3taQHkDXs73rZJwtUhF3w3ftmwwsq0BUmARs4=
golang.org/x/net v0.0.0-20190311183353-d8887717615a/go.mod h1:t9HGtf8HONx5eT2rtn7q6eTqICYqUVnKs3thJo3Qplg=
golang.org/x/net v0.0.0-20190404232315-eb5bcb51f2a3/go.mod h1:t9HGtf8HONx5eT2rtn7q6eTqICYqUVnKs3thJo3Qplg=
golang.org/x/net v0.0.0-20190620200207-3b0461eec859/go.mod h1:z5CRVTTTmAJ677TzLLGU+0bjPO0LkuOLi4/5GtJWs/s=
golang.org/x/net v0.0.0-20190923162816-aa69164e4478 h1:l5EDrHhldLYb3ZRHDUhXF7Om7MvYXnkV9/iQNo1lX6g=
golang.org/x/net v0.0.0-20190923162816-aa69164e4478/go.mod h1:z5CRVTTTmAJ677TzLLGU+0bjPO0LkuOLi4/5GtJWs/s=
golang.org/x/sync v0.0.0-20190423024810-112230192c58/go.mod h1:RxMgew5VJxzue5/jJTE5uejpjVlOe/izrB70Jof72aM=
golang.org/x/sync v0.0.0-20190911185100-cd5d95a43a6e h1:vcxGaoTs7kV8m5Np9uUNQin4BrLOthgV7252N8V+FwY=
golang.org/x/sync v0.0.0-20190911185100-cd5d95a43a6e/go.mod h1:RxMgew5VJxzue5/jJTE5uejpjVlOe/izrB70Jof72aM=
golang.org/x/sys v0.0.0-20190215142949-d0b11bdaac8a/go.mod h1:STP8DvDyc/dI5b8T5hshtkjS+E42TnysNCUPdjciGhY=
golang.org/x/sys v0.0.0-20190910064555-bbd175535a8b/go.mod h1:h1NjWce9XRLGQEsW7wpKNCjG9DtNlClVuFLEZdDNbEs=
golang.org/x/sys v0.0.0-20190922100055-0a153f010e69/go.mod h1:h1NjWce9XRLGQEsW7wpKNCjG9DtNlClVuFLEZdDNbEs=
golang.org/x/sys v0.0.0-20190924154521-2837fb4f24fe/go.mod h1:h1NjWce9XRLGQEsW7wpKNCjG9DtNlClVuFLEZdDNbEs=
golang.org/x/sys v0.0.0-20191007154456-ef33b2fb2c41 h1:OC2BiV9nQHWgVMNbxZ5/eZKWnnd3Z4H9W5zdNvC4EBc=
golang.org/x/sys v0.0.0-20191007154456-ef33b2fb2c41/go.mod h1:h1NjWce9XRLGQEsW7wpKNCjG9DtNlClVuFLEZdDNbEs=
golang.org/x/text v0.3.0/go.mod h1:NqM8EUOU14njkJ3fqMW+pc6Ldnwhi/IjpwHt7yyuwOQ=
golang.org/x/text v0.3.2/go.mod h1:bEr9sfX3Q8Zfm5fL9x+3itogRgK3+ptLWKqgva+5dAk=
golang.org/x/tools v0.0.0-20180917221912-90fa682c2a6e/go.mod h1:n7NCudcB/nEzxVGmLbDWY5pfWTLqBcC2KZ6jyYvM4mQ=
golang.org/x/tools v0.0.0-20190320215829-36c10c0a621f/go.mod h1:LCzVGOaR6xXOjkQ3onu1FJEFr0SW1gC7cKk1uF8kGRs=
golang.org/x/tools v0.0.0-20190907020128-2ca718005c18/go.mod h1:b+2E5dAYhXwXZwtnZ6UAqBI28+e2cm9otk0dWdXHAEo=
golang.org/x/xerrors v0.0.0-20190717185122-a985d3407aa7/go.mod h1:I/5z698sn9Ka8TeJc9MKroUUfqBBauWjQqLJ2OPfmY0=
