# This file is autogenerated, do not edit; changes may be undone by the next 'dep ensure'.


[[projects]]
  name = "github.com/0xrawsec/golang-evtx"
  packages = ["evtx"]
  revision = "bd7e3686e12fa8f16624801208fe70e5e9a90fc7"

[[projects]]
  branch = "master"
  name = "github.com/0xrawsec/golang-utils"
  packages = ["datastructs","encoding","log"]
  revision = "a91940f71d0c3e218876287793766ce0ed294450"

[[projects]]
  name = "github.com/PuerkitoBio/goquery"
  packages = ["."]
  revision = "e1271ee34c6a305e38566ecd27ae374944907ee9"
  version = "v1.1.0"

[[projects]]
  branch = "master"
  name = "github.com/andybalholm/cascadia"
  packages = ["."]
  revision = "349dd0209470eabd9514242c688c403c0926d266"

[[projects]]
  name = "github.com/cavaliercoder/grab"
  packages = ["."]
  revision = "d1925b94149d7e79adaba26ea2553172c38f8ad7"
  version = "v1.0.0"

[[projects]]
  name = "github.com/cevaris/ordered_map"
  packages = ["."]
  revision = "531fd444821a2eda0e8d1ed033ae207641e03b54"

[[projects]]
  name = "github.com/fatih/color"
  packages = ["."]
  revision = "9131ab34cf20d2f6d83fdc67168a5430d1c7dc23"
  version = "v1.4.1"

[[projects]]
  name = "github.com/go-ole/go-ole"
  packages = [".","oleutil"]
  revision = "de8695c8edbf8236f30d6e1376e20b198a028d42"

[[projects]]
  name = "github.com/hako/durafmt"
  packages = ["."]
  revision = "83a6d8dc879e5db09185e352561da4326f443de6"

[[projects]]
  name = "github.com/mattn/go-colorable"
  packages = ["."]
  revision = "5411d3eea5978e6cdc258b30de592b60df6aba96"

[[projects]]
  name = "github.com/mattn/go-isatty"
  packages = ["."]
  revision = "57fdcb988a5c543893cc61bce354a6e24ab70022"

[[projects]]
  name = "github.com/mcuadros/go-version"
  packages = ["."]
  revision = "257f7b9a7d87427c8d7f89469a5958d57f8abd7c"

[[projects]]
  name = "github.com/miekg/dns"
  packages = ["."]
  revision = "e78414ef75607394ad7d917824f07f381df2eafa"

[[projects]]
  name = "golang.org/x/net"
  packages = ["html","html/atom"]
  revision = "1f9224279e98554b6a6432d4dd998a739f8b2b7c"

[[projects]]
  name = "golang.org/x/sys"
  packages = ["unix","windows","windows/registry"]
  revision = "e24f485414aeafb646f6fca458b0bf869c0880a1"

[solve-meta]
  analyzer-name = "dep"
  analyzer-version = 1
  inputs-digest = "300085f84df9be1593cc2ee15849edc004ac3633f82f5e4b26fce2322c5bdfc1"
  solver-name = "gps-cdcl"
  solver-version = 1
